
Microsoft Visual Studio Solution File, Format Version 12.00
# Visual Studio 15
VisualStudioVersion = 15.0.27703.2042
MinimumVisualStudioVersion = 10.0.40219.1
Project("{FAE04EC0-301F-11D3-BF4B-00C04F79EFBC}") = "Buzzer.Android", "Buzzer.Android\Buzzer.Android.csproj", "{CE1C76EC-2DC9-4390-994D-E1A017A63367}"
EndProject
Project("{FAE04EC0-301F-11D3-BF4B-00C04F79EFBC}") = "Buzzer.iOS", "Buzzer.iOS\Buzzer.iOS.csproj", "{22E0C595-0989-43DA-9C1D-87EB6553F1BA}"
EndProject
Project("{FAE04EC0-301F-11D3-BF4B-00C04F79EFBC}") = "Buzzer", "Buzzer\Buzzer.csproj", "{F7C1B160-3BFA-4F47-8F42-FBCDA14FE626}"
EndProject
Global
	GlobalSection(SolutionConfigurationPlatforms) = preSolution
		Ad-Hoc|Any CPU = Ad-Hoc|Any CPU
		Ad-Hoc|iPhone = Ad-Hoc|iPhone
		Ad-Hoc|iPhoneSimulator = Ad-Hoc|iPhoneSimulator
		AppStore|Any CPU = AppStore|Any CPU
		AppStore|iPhone = AppStore|iPhone
		AppStore|iPhoneSimulator = AppStore|iPhoneSimulator
		Debug|Any CPU = Debug|Any CPU
		Debug|iPhone = Debug|iPhone
		Debug|iPhoneSimulator = Debug|iPhoneSimulator
		Release|Any CPU = Release|Any CPU
		Release|iPhone = Release|iPhone
		Release|iPhoneSimulator = Release|iPhoneSimulator
	EndGlobalSection
	GlobalSection(ProjectConfigurationPlatforms) = postSolution
		{CE1C76EC-2DC9-4390-994D-E1A017A63367}.Ad-Hoc|Any CPU.ActiveCfg = Release|Any CPU
		{CE1C76EC-2DC9-4390-994D-E1A017A63367}.Ad-Hoc|Any CPU.Build.0 = Release|Any CPU
		{CE1C76EC-2DC9-4390-994D-E1A017A63367}.Ad-Hoc|Any CPU.Deploy.0 = Release|Any CPU
		{CE1C76EC-2DC9-4390-994D-E1A017A63367}.Ad-Hoc|iPhone.ActiveCfg = Release|Any CPU
		{CE1C76EC-2DC9-4390-994D-E1A017A63367}.Ad-Hoc|iPhone.Build.0 = Release|Any CPU
		{CE1C76EC-2DC9-4390-994D-E1A017A63367}.Ad-Hoc|iPhone.Deploy.0 = Release|Any CPU
		{CE1C76EC-2DC9-4390-994D-E1A017A63367}.Ad-Hoc|iPhoneSimulator.ActiveCfg = Release|Any CPU
		{CE1C76EC-2DC9-4390-994D-E1A017A63367}.Ad-Hoc|iPhoneSimulator.Build.0 = Release|Any CPU
		{CE1C76EC-2DC9-4390-994D-E1A017A63367}.Ad-Hoc|iPhoneSimulator.Deploy.0 = Release|Any CPU
		{CE1C76EC-2DC9-4390-994D-E1A017A63367}.AppStore|Any CPU.ActiveCfg = Release|Any CPU
		{CE1C76EC-2DC9-4390-994D-E1A017A63367}.AppStore|Any CPU.Build.0 = Release|Any CPU
		{CE1C76EC-2DC9-4390-994D-E1A017A63367}.AppStore|Any CPU.Deploy.0 = Release|Any CPU
		{CE1C76EC-2DC9-4390-994D-E1A017A63367}.AppStore|iPhone.ActiveCfg = Release|Any CPU
		{CE1C76EC-2DC9-4390-994D-E1A017A63367}.AppStore|iPhone.Build.0 = Release|Any CPU
		{CE1C76EC-2DC9-4390-994D-E1A017A63367}.AppStore|iPhone.Deploy.0 = Release|Any CPU
		{CE1C76EC-2DC9-4390-994D-E1A017A63367}.AppStore|iPhoneSimulator.ActiveCfg = Release|Any CPU
		{CE1C76EC-2DC9-4390-994D-E1A017A63367}.AppStore|iPhoneSimulator.Build.0 = Release|Any CPU
		{CE1C76EC-2DC9-4390-994D-E1A017A63367}.AppStore|iPhoneSimulator.Deploy.0 = Release|Any CPU
		{CE1C76EC-2DC9-4390-994D-E1A017A63367}.Debug|Any CPU.ActiveCfg = Debug|Any CPU
		{CE1C76EC-2DC9-4390-994D-E1A017A63367}.Debug|Any CPU.Build.0 = Debug|Any CPU
		{CE1C76EC-2DC9-4390-994D-E1A017A63367}.Debug|Any CPU.Deploy.0 = Debug|Any CPU
		{CE1C76EC-2DC9-4390-994D-E1A017A63367}.Debug|iPhone.ActiveCfg = Debug|Any CPU
		{CE1C76EC-2DC9-4390-994D-E1A017A63367}.Debug|iPhone.Build.0 = Debug|Any CPU
		{CE1C76EC-2DC9-4390-994D-E1A017A63367}.Debug|iPhone.Deploy.0 = Debug|Any CPU
		{CE1C76EC-2DC9-4390-994D-E1A017A63367}.Debug|iPhoneSimulator.ActiveCfg = Debug|Any CPU
		{CE1C76EC-2DC9-4390-994D-E1A017A63367}.Debug|iPhoneSimulator.Build.0 = Debug|Any CPU
		{CE1C76EC-2DC9-4390-994D-E1A017A63367}.Debug|iPhoneSimulator.Deploy.0 = Debug|Any CPU
		{CE1C76EC-2DC9-4390-994D-E1A017A63367}.Release|Any CPU.ActiveCfg = Release|Any CPU
		{CE1C76EC-2DC9-4390-994D-E1A017A63367}.Release|Any CPU.Build.0 = Release|Any CPU
		{CE1C76EC-2DC9-4390-994D-E1A017A63367}.Release|Any CPU.Deploy.0 = Release|Any CPU
		{CE1C76EC-2DC9-4390-994D-E1A017A63367}.Release|iPhone.ActiveCfg = Release|Any CPU
		{CE1C76EC-2DC9-4390-994D-E1A017A63367}.Release|iPhone.Build.0 = Release|Any CPU
		{CE1C76EC-2DC9-4390-994D-E1A017A63367}.Release|iPhone.Deploy.0 = Release|Any CPU
		{CE1C76EC-2DC9-4390-994D-E1A017A63367}.Release|iPhoneSimulator.ActiveCfg = Release|Any CPU
		{CE1C76EC-2DC9-4390-994D-E1A017A63367}.Release|iPhoneSimulator.Build.0 = Release|Any CPU
		{CE1C76EC-2DC9-4390-994D-E1A017A63367}.Release|iPhoneSimulator.Deploy.0 = Release|Any CPU
		{22E0C595-0989-43DA-9C1D-87EB6553F1BA}.Ad-Hoc|Any CPU.ActiveCfg = Ad-Hoc|iPhone
		{22E0C595-0989-43DA-9C1D-87EB6553F1BA}.Ad-Hoc|Any CPU.Build.0 = Ad-Hoc|iPhone
		{22E0C595-0989-43DA-9C1D-87EB6553F1BA}.Ad-Hoc|Any CPU.Deploy.0 = Ad-Hoc|iPhone
		{22E0C595-0989-43DA-9C1D-87EB6553F1BA}.Ad-Hoc|iPhone.ActiveCfg = Ad-Hoc|iPhone
		{22E0C595-0989-43DA-9C1D-87EB6553F1BA}.Ad-Hoc|iPhone.Build.0 = Ad-Hoc|iPhone
		{22E0C595-0989-43DA-9C1D-87EB6553F1BA}.Ad-Hoc|iPhone.Deploy.0 = Ad-Hoc|iPhone
		{22E0C595-0989-43DA-9C1D-87EB6553F1BA}.Ad-Hoc|iPhoneSimulator.ActiveCfg = Ad-Hoc|iPhoneSimulator
		{22E0C595-0989-43DA-9C1D-87EB6553F1BA}.Ad-Hoc|iPhoneSimulator.Build.0 = Ad-Hoc|iPhoneSimulator
		{22E0C595-0989-43DA-9C1D-87EB6553F1BA}.Ad-Hoc|iPhoneSimulator.Deploy.0 = Ad-Hoc|iPhoneSimulator
		{22E0C595-0989-43DA-9C1D-87EB6553F1BA}.AppStore|Any CPU.ActiveCfg = AppStore|iPhone
		{22E0C595-0989-43DA-9C1D-87EB6553F1BA}.AppStore|Any CPU.Build.0 = AppStore|iPhone
		{22E0C595-0989-43DA-9C1D-87EB6553F1BA}.AppStore|Any CPU.Deploy.0 = AppStore|iPhone
		{22E0C595-0989-43DA-9C1D-87EB6553F1BA}.AppStore|iPhone.ActiveCfg = AppStore|iPhone
		{22E0C595-0989-43DA-9C1D-87EB6553F1BA}.AppStore|iPhone.Build.0 = AppStore|iPhone
		{22E0C595-0989-43DA-9C1D-87EB6553F1BA}.AppStore|iPhone.Deploy.0 = AppStore|iPhone
		{22E0C595-0989-43DA-9C1D-87EB6553F1BA}.AppStore|iPhoneSimulator.ActiveCfg = AppStore|iPhoneSimulator
		{22E0C595-0989-43DA-9C1D-87EB6553F1BA}.AppStore|iPhoneSimulator.Build.0 = AppStore|iPhoneSimulator
		{22E0C595-0989-43DA-9C1D-87EB6553F1BA}.AppStore|iPhoneSimulator.Deploy.0 = AppStore|iPhoneSimulator
		{22E0C595-0989-43DA-9C1D-87EB6553F1BA}.Debug|Any CPU.ActiveCfg = Debug|iPhoneSimulator
		{22E0C595-0989-43DA-9C1D-87EB6553F1BA}.Debug|Any CPU.Build.0 = Debug|iPhoneSimulator
		{22E0C595-0989-43DA-9C1D-87EB6553F1BA}.Debug|Any CPU.Deploy.0 = Debug|iPhoneSimulator
		{22E0C595-0989-43DA-9C1D-87EB6553F1BA}.Debug|iPhone.ActiveCfg = Debug|iPhone
		{22E0C595-0989-43DA-9C1D-87EB6553F1BA}.Debug|iPhone.Build.0 = Debug|iPhone
		{22E0C595-0989-43DA-9C1D-87EB6553F1BA}.Debug|iPhone.Deploy.0 = Debug|iPhone
		{22E0C595-0989-43DA-9C1D-87EB6553F1BA}.Debug|iPhoneSimulator.ActiveCfg = Debug|iPhoneSimulator
		{22E0C595-0989-43DA-9C1D-87EB6553F1BA}.Debug|iPhoneSimulator.Build.0 = Debug|iPhoneSimulator
		{22E0C595-0989-43DA-9C1D-87EB6553F1BA}.Debug|iPhoneSimulator.Deploy.0 = Debug|iPhoneSimulator
		{22E0C595-0989-43DA-9C1D-87EB6553F1BA}.Release|Any CPU.ActiveCfg = Release|iPhone
		{22E0C595-0989-43DA-9C1D-87EB6553F1BA}.Release|Any CPU.Build.0 = Release|iPhone
		{22E0C595-0989-43DA-9C1D-87EB6553F1BA}.Release|Any CPU.Deploy.0 = Release|iPhone
		{22E0C595-0989-43DA-9C1D-87EB6553F1BA}.Release|iPhone.ActiveCfg = Release|iPhone
		{22E0C595-0989-43DA-9C1D-87EB6553F1BA}.Release|iPhone.Build.0 = Release|iPhone
		{22E0C595-0989-43DA-9C1D-87EB6553F1BA}.Release|iPhone.Deploy.0 = Release|iPhone
		{22E0C595-0989-43DA-9C1D-87EB6553F1BA}.Release|iPhoneSimulator.ActiveCfg = Release|iPhoneSimulator
		{22E0C595-0989-43DA-9C1D-87EB6553F1BA}.Release|iPhoneSimulator.Build.0 = Release|iPhoneSimulator
		{22E0C595-0989-43DA-9C1D-87EB6553F1BA}.Release|iPhoneSimulator.Deploy.0 = Release|iPhoneSimulator
		{F7C1B160-3BFA-4F47-8F42-FBCDA14FE626}.Ad-Hoc|Any CPU.ActiveCfg = Debug|Any CPU
		{F7C1B160-3BFA-4F47-8F42-FBCDA14FE626}.Ad-Hoc|Any CPU.Build.0 = Debug|Any CPU
		{F7C1B160-3BFA-4F47-8F42-FBCDA14FE626}.Ad-Hoc|Any CPU.Deploy.0 = Debug|Any CPU
		{F7C1B160-3BFA-4F47-8F42-FBCDA14FE626}.Ad-Hoc|iPhone.ActiveCfg = Debug|Any CPU
		{F7C1B160-3BFA-4F47-8F42-FBCDA14FE626}.Ad-Hoc|iPhone.Build.0 = Debug|Any CPU
		{F7C1B160-3BFA-4F47-8F42-FBCDA14FE626}.Ad-Hoc|iPhone.Deploy.0 = Debug|Any CPU
		{F7C1B160-3BFA-4F47-8F42-FBCDA14FE626}.Ad-Hoc|iPhoneSimulator.ActiveCfg = Debug|Any CPU
		{F7C1B160-3BFA-4F47-8F42-FBCDA14FE626}.Ad-Hoc|iPhoneSimulator.Build.0 = Debug|Any CPU
		{F7C1B160-3BFA-4F47-8F42-FBCDA14FE626}.Ad-Hoc|iPhoneSimulator.Deploy.0 = Debug|Any CPU
		{F7C1B160-3BFA-4F47-8F42-FBCDA14FE626}.AppStore|Any CPU.ActiveCfg = Debug|Any CPU
		{F7C1B160-3BFA-4F47-8F42-FBCDA14FE626}.AppStore|Any CPU.Build.0 = Debug|Any CPU
		{F7C1B160-3BFA-4F47-8F42-FBCDA14FE626}.AppStore|Any CPU.Deploy.0 = Debug|Any CPU
		{F7C1B160-3BFA-4F47-8F42-FBCDA14FE626}.AppStore|iPhone.ActiveCfg = Debug|Any CPU
		{F7C1B160-3BFA-4F47-8F42-FBCDA14FE626}.AppStore|iPhone.Build.0 = Debug|Any CPU
		{F7C1B160-3BFA-4F47-8F42-FBCDA14FE626}.AppStore|iPhone.Deploy.0 = Debug|Any CPU
		{F7C1B160-3BFA-4F47-8F42-FBCDA14FE626}.AppStore|iPhoneSimulator.ActiveCfg = Debug|Any CPU
		{F7C1B160-3BFA-4F47-8F42-FBCDA14FE626}.AppStore|iPhoneSimulator.Build.0 = Debug|Any CPU
		{F7C1B160-3BFA-4F47-8F42-FBCDA14FE626}.AppStore|iPhoneSimulator.Deploy.0 = Debug|Any CPU
		{F7C1B160-3BFA-4F47-8F42-FBCDA14FE626}.Debug|Any CPU.ActiveCfg = Debug|Any CPU
		{F7C1B160-3BFA-4F47-8F42-FBCDA14FE626}.Debug|Any CPU.Build.0 = Debug|Any CPU
		{F7C1B160-3BFA-4F47-8F42-FBCDA14FE626}.Debug|Any CPU.Deploy.0 = Debug|Any CPU
		{F7C1B160-3BFA-4F47-8F42-FBCDA14FE626}.Debug|iPhone.ActiveCfg = Debug|Any CPU
		{F7C1B160-3BFA-4F47-8F42-FBCDA14FE626}.Debug|iPhone.Build.0 = Debug|Any CPU
		{F7C1B160-3BFA-4F47-8F42-FBCDA14FE626}.Debug|iPhone.Deploy.0 = Debug|Any CPU
		{F7C1B160-3BFA-4F47-8F42-FBCDA14FE626}.Debug|iPhoneSimulator.ActiveCfg = Debug|Any CPU
		{F7C1B160-3BFA-4F47-8F42-FBCDA14FE626}.Debug|iPhoneSimulator.Build.0 = Debug|Any CPU
		{F7C1B160-3BFA-4F47-8F42-FBCDA14FE626}.Debug|iPhoneSimulator.Deploy.0 = Debug|Any CPU
		{F7C1B160-3BFA-4F47-8F42-FBCDA14FE626}.Release|Any CPU.ActiveCfg = Release|Any CPU
		{F7C1B160-3BFA-4F47-8F42-FBCDA14FE626}.Release|Any CPU.Build.0 = Release|Any CPU
		{F7C1B160-3BFA-4F47-8F42-FBCDA14FE626}.Release|Any CPU.Deploy.0 = Release|Any CPU
		{F7C1B160-3BFA-4F47-8F42-FBCDA14FE626}.Release|iPhone.ActiveCfg = Release|Any CPU
		{F7C1B160-3BFA-4F47-8F42-FBCDA14FE626}.Release|iPhone.Build.0 = Release|Any CPU
		{F7C1B160-3BFA-4F47-8F42-FBCDA14FE626}.Release|iPhone.Deploy.0 = Release|Any CPU
		{F7C1B160-3BFA-4F47-8F42-FBCDA14FE626}.Release|iPhoneSimulator.ActiveCfg = Release|Any CPU
		{F7C1B160-3BFA-4F47-8F42-FBCDA14FE626}.Release|iPhoneSimulator.Build.0 = Release|Any CPU
		{F7C1B160-3BFA-4F47-8F42-FBCDA14FE626}.Release|iPhoneSimulator.Deploy.0 = Release|Any CPU
	EndGlobalSection
	GlobalSection(SolutionProperties) = preSolution
		HideSolutionNode = FALSE
	EndGlobalSection
	GlobalSection(ExtensibilityGlobals) = postSolution
		SolutionGuid = {D95FCB3C-6761-421D-B918-2A557E318977}
	EndGlobalSection
EndGlobal
